// !$*UTF8*$!
{
	archiveVersion = 1;
	classes = {
	};
	objectVersion = 56;
	objects = {

/* Begin PBXBuildFile section */
		23F6B70D2932BC1B000C00ED /* WordGameApp.swift in Sources */ = {isa = PBXBuildFile; fileRef = 23F6B70C2932BC1B000C00ED /* WordGameApp.swift */; };
		23F6B7112932BC1D000C00ED /* Assets.xcassets in Resources */ = {isa = PBXBuildFile; fileRef = 23F6B7102932BC1D000C00ED /* Assets.xcassets */; };
		23F6B7142932BC1D000C00ED /* Preview Assets.xcassets in Resources */ = {isa = PBXBuildFile; fileRef = 23F6B7132932BC1D000C00ED /* Preview Assets.xcassets */; };
		23F6B71C2932C1DB000C00ED /* words.json in Resources */ = {isa = PBXBuildFile; fileRef = 23F6B71B2932C1DB000C00ED /* words.json */; };
		23F6B7242932C246000C00ED /* Word.swift in Sources */ = {isa = PBXBuildFile; fileRef = 23F6B7232932C246000C00ED /* Word.swift */; };
		23F6B7262932C261000C00ED /* GameView.swift in Sources */ = {isa = PBXBuildFile; fileRef = 23F6B7252932C261000C00ED /* GameView.swift */; };
		23F6B7282932C26E000C00ED /* GameViewModel.swift in Sources */ = {isa = PBXBuildFile; fileRef = 23F6B7272932C26E000C00ED /* GameViewModel.swift */; };
		23F6B72C2932C326000C00ED /* LocalDataProvider.swift in Sources */ = {isa = PBXBuildFile; fileRef = 23F6B72B2932C326000C00ED /* LocalDataProvider.swift */; };
		23F6B72E2932C35B000C00ED /* WordsProvider.swift in Sources */ = {isa = PBXBuildFile; fileRef = 23F6B72D2932C35B000C00ED /* WordsProvider.swift */; };
		23F6B734293352A6000C00ED /* Score.swift in Sources */ = {isa = PBXBuildFile; fileRef = 23F6B733293352A6000C00ED /* Score.swift */; };
		23F6B736293352C1000C00ED /* Rules.swift in Sources */ = {isa = PBXBuildFile; fileRef = 23F6B735293352C1000C00ED /* Rules.swift */; };
		23F6B7382933530D000C00ED /* GameEngine.swift in Sources */ = {isa = PBXBuildFile; fileRef = 23F6B7372933530D000C00ED /* GameEngine.swift */; };
		23F6B73B293360FC000C00ED /* ViewModelAdapter.swift in Sources */ = {isa = PBXBuildFile; fileRef = 23F6B73A293360FC000C00ED /* ViewModelAdapter.swift */; };
		23F6B73D29336111000C00ED /* ViewModel.swift in Sources */ = {isa = PBXBuildFile; fileRef = 23F6B73C29336111000C00ED /* ViewModel.swift */; };
		23F6B74229336292000C00ED /* CombineSchedulers in Frameworks */ = {isa = PBXBuildFile; productRef = 23F6B74129336292000C00ED /* CombineSchedulers */; };
		23F6B744293362BE000C00ED /* ObservableViewModel.swift in Sources */ = {isa = PBXBuildFile; fileRef = 23F6B743293362BE000C00ED /* ObservableViewModel.swift */; };
		23F6B747293362EA000C00ED /* Combine+Extensions.swift in Sources */ = {isa = PBXBuildFile; fileRef = 23F6B746293362EA000C00ED /* Combine+Extensions.swift */; };
		23F6B74929336B3C000C00ED /* TimerPublisher+Extension.swift in Sources */ = {isa = PBXBuildFile; fileRef = 23F6B74829336B3C000C00ED /* TimerPublisher+Extension.swift */; };
		23F6B74B29337730000C00ED /* CircularProgressView.swift in Sources */ = {isa = PBXBuildFile; fileRef = 23F6B74A29337730000C00ED /* CircularProgressView.swift */; };
/* End PBXBuildFile section */

/* Begin PBXFileReference section */
		23F6B7092932BC1B000C00ED /* WordGame.app */ = {isa = PBXFileReference; explicitFileType = wrapper.application; includeInIndex = 0; path = WordGame.app; sourceTree = BUILT_PRODUCTS_DIR; };
		23F6B70C2932BC1B000C00ED /* WordGameApp.swift */ = {isa = PBXFileReference; lastKnownFileType = sourcecode.swift; path = WordGameApp.swift; sourceTree = "<group>"; };
		23F6B7102932BC1D000C00ED /* Assets.xcassets */ = {isa = PBXFileReference; lastKnownFileType = folder.assetcatalog; path = Assets.xcassets; sourceTree = "<group>"; };
		23F6B7132932BC1D000C00ED /* Preview Assets.xcassets */ = {isa = PBXFileReference; lastKnownFileType = folder.assetcatalog; path = "Preview Assets.xcassets"; sourceTree = "<group>"; };
		23F6B71B2932C1DB000C00ED /* words.json */ = {isa = PBXFileReference; fileEncoding = 4; lastKnownFileType = text.json; path = words.json; sourceTree = "<group>"; };
		23F6B7232932C246000C00ED /* Word.swift */ = {isa = PBXFileReference; lastKnownFileType = sourcecode.swift; path = Word.swift; sourceTree = "<group>"; };
		23F6B7252932C261000C00ED /* GameView.swift */ = {isa = PBXFileReference; lastKnownFileType = sourcecode.swift; path = GameView.swift; sourceTree = "<group>"; };
		23F6B7272932C26E000C00ED /* GameViewModel.swift */ = {isa = PBXFileReference; lastKnownFileType = sourcecode.swift; path = GameViewModel.swift; sourceTree = "<group>"; };
		23F6B72B2932C326000C00ED /* LocalDataProvider.swift */ = {isa = PBXFileReference; lastKnownFileType = sourcecode.swift; path = LocalDataProvider.swift; sourceTree = "<group>"; };
		23F6B72D2932C35B000C00ED /* WordsProvider.swift */ = {isa = PBXFileReference; lastKnownFileType = sourcecode.swift; path = WordsProvider.swift; sourceTree = "<group>"; };
		23F6B733293352A6000C00ED /* Score.swift */ = {isa = PBXFileReference; lastKnownFileType = sourcecode.swift; path = Score.swift; sourceTree = "<group>"; };
		23F6B735293352C1000C00ED /* Rules.swift */ = {isa = PBXFileReference; lastKnownFileType = sourcecode.swift; path = Rules.swift; sourceTree = "<group>"; };
		23F6B7372933530D000C00ED /* GameEngine.swift */ = {isa = PBXFileReference; lastKnownFileType = sourcecode.swift; path = GameEngine.swift; sourceTree = "<group>"; };
		23F6B73A293360FC000C00ED /* ViewModelAdapter.swift */ = {isa = PBXFileReference; lastKnownFileType = sourcecode.swift; path = ViewModelAdapter.swift; sourceTree = "<group>"; };
		23F6B73C29336111000C00ED /* ViewModel.swift */ = {isa = PBXFileReference; lastKnownFileType = sourcecode.swift; path = ViewModel.swift; sourceTree = "<group>"; };
		23F6B743293362BE000C00ED /* ObservableViewModel.swift */ = {isa = PBXFileReference; lastKnownFileType = sourcecode.swift; path = ObservableViewModel.swift; sourceTree = "<group>"; };
		23F6B746293362EA000C00ED /* Combine+Extensions.swift */ = {isa = PBXFileReference; lastKnownFileType = sourcecode.swift; path = "Combine+Extensions.swift"; sourceTree = "<group>"; };
		23F6B74829336B3C000C00ED /* TimerPublisher+Extension.swift */ = {isa = PBXFileReference; lastKnownFileType = sourcecode.swift; path = "TimerPublisher+Extension.swift"; sourceTree = "<group>"; };
		23F6B74A29337730000C00ED /* CircularProgressView.swift */ = {isa = PBXFileReference; lastKnownFileType = sourcecode.swift; path = CircularProgressView.swift; sourceTree = "<group>"; };
/* End PBXFileReference section */

/* Begin PBXFrameworksBuildPhase section */
		23F6B7062932BC1B000C00ED /* Frameworks */ = {
			isa = PBXFrameworksBuildPhase;
			buildActionMask = 2147483647;
			files = (
				23F6B74229336292000C00ED /* CombineSchedulers in Frameworks */,
			);
			runOnlyForDeploymentPostprocessing = 0;
		};
/* End PBXFrameworksBuildPhase section */

/* Begin PBXGroup section */
		23F6B7002932BC1B000C00ED = {
			isa = PBXGroup;
			children = (
				23F6B70B2932BC1B000C00ED /* WordGame */,
				23F6B70A2932BC1B000C00ED /* Products */,
			);
			sourceTree = "<group>";
		};
		23F6B70A2932BC1B000C00ED /* Products */ = {
			isa = PBXGroup;
			children = (
				23F6B7092932BC1B000C00ED /* WordGame.app */,
			);
			name = Products;
			sourceTree = "<group>";
		};
		23F6B70B2932BC1B000C00ED /* WordGame */ = {
			isa = PBXGroup;
			children = (
				23F6B71A2932C1AD000C00ED /* Resources */,
				23F6B7292932C307000C00ED /* Utilities */,
				23F6B71D2932C1FD000C00ED /* Startup */,
				23F6B71E2932C211000C00ED /* App */,
				23F6B7122932BC1D000C00ED /* Preview Content */,
			);
			path = WordGame;
			sourceTree = "<group>";
		};
		23F6B7122932BC1D000C00ED /* Preview Content */ = {
			isa = PBXGroup;
			children = (
				23F6B7132932BC1D000C00ED /* Preview Assets.xcassets */,
			);
			path = "Preview Content";
			sourceTree = "<group>";
		};
		23F6B71A2932C1AD000C00ED /* Resources */ = {
			isa = PBXGroup;
			children = (
				23F6B71B2932C1DB000C00ED /* words.json */,
				23F6B7102932BC1D000C00ED /* Assets.xcassets */,
			);
			path = Resources;
			sourceTree = "<group>";
		};
		23F6B71D2932C1FD000C00ED /* Startup */ = {
			isa = PBXGroup;
			children = (
				23F6B70C2932BC1B000C00ED /* WordGameApp.swift */,
			);
			path = Startup;
			sourceTree = "<group>";
		};
		23F6B71E2932C211000C00ED /* App */ = {
			isa = PBXGroup;
			children = (
				23F6B71F2932C226000C00ED /* Game */,
			);
			path = App;
			sourceTree = "<group>";
		};
		23F6B71F2932C226000C00ED /* Game */ = {
			isa = PBXGroup;
			children = (
				23F6B7202932C22B000C00ED /* Model */,
				23F6B7212932C230000C00ED /* View */,
				23F6B7222932C234000C00ED /* ViewModel */,
			);
			path = Game;
			sourceTree = "<group>";
		};
		23F6B7202932C22B000C00ED /* Model */ = {
			isa = PBXGroup;
			children = (
				23F6B7232932C246000C00ED /* Word.swift */,
			);
			path = Model;
			sourceTree = "<group>";
		};
		23F6B7212932C230000C00ED /* View */ = {
			isa = PBXGroup;
			children = (
				23F6B7252932C261000C00ED /* GameView.swift */,
				23F6B74A29337730000C00ED /* CircularProgressView.swift */,
			);
			path = View;
			sourceTree = "<group>";
		};
		23F6B7222932C234000C00ED /* ViewModel */ = {
			isa = PBXGroup;
			children = (
				23F6B7272932C26E000C00ED /* GameViewModel.swift */,
			);
			path = ViewModel;
			sourceTree = "<group>";
		};
		23F6B7292932C307000C00ED /* Utilities */ = {
			isa = PBXGroup;
			children = (
				23F6B73229335299000C00ED /* GameEngine */,
				23F6B72A2932C313000C00ED /* Providers */,
				23F6B745293362DA000C00ED /* Extensions */,
				23F6B739293360EC000C00ED /* Core */,
			);
			path = Utilities;
			sourceTree = "<group>";
		};
		23F6B72A2932C313000C00ED /* Providers */ = {
			isa = PBXGroup;
			children = (
				23F6B72B2932C326000C00ED /* LocalDataProvider.swift */,
				23F6B72D2932C35B000C00ED /* WordsProvider.swift */,
			);
			path = Providers;
			sourceTree = "<group>";
		};
		23F6B73229335299000C00ED /* GameEngine */ = {
			isa = PBXGroup;
			children = (
				23F6B7372933530D000C00ED /* GameEngine.swift */,
				23F6B735293352C1000C00ED /* Rules.swift */,
				23F6B733293352A6000C00ED /* Score.swift */,
			);
			path = GameEngine;
			sourceTree = "<group>";
		};
		23F6B739293360EC000C00ED /* Core */ = {
			isa = PBXGroup;
			children = (
				23F6B73A293360FC000C00ED /* ViewModelAdapter.swift */,
				23F6B73C29336111000C00ED /* ViewModel.swift */,
				23F6B743293362BE000C00ED /* ObservableViewModel.swift */,
			);
			path = Core;
			sourceTree = "<group>";
		};
		23F6B745293362DA000C00ED /* Extensions */ = {
			isa = PBXGroup;
			children = (
				23F6B746293362EA000C00ED /* Combine+Extensions.swift */,
				23F6B74829336B3C000C00ED /* TimerPublisher+Extension.swift */,
			);
			path = Extensions;
			sourceTree = "<group>";
		};
/* End PBXGroup section */

/* Begin PBXNativeTarget section */
		23F6B7082932BC1B000C00ED /* WordGame */ = {
			isa = PBXNativeTarget;
			buildConfigurationList = 23F6B7172932BC1D000C00ED /* Build configuration list for PBXNativeTarget "WordGame" */;
			buildPhases = (
				23F6B7052932BC1B000C00ED /* Sources */,
				23F6B7062932BC1B000C00ED /* Frameworks */,
				23F6B7072932BC1B000C00ED /* Resources */,
			);
			buildRules = (
			);
			dependencies = (
			);
			name = WordGame;
			packageProductDependencies = (
				23F6B74129336292000C00ED /* CombineSchedulers */,
			);
			productName = WordGame;
			productReference = 23F6B7092932BC1B000C00ED /* WordGame.app */;
			productType = "com.apple.product-type.application";
		};
/* End PBXNativeTarget section */

/* Begin PBXProject section */
		23F6B7012932BC1B000C00ED /* Project object */ = {
			isa = PBXProject;
			attributes = {
				BuildIndependentTargetsInParallel = 1;
				LastSwiftUpdateCheck = 1400;
				LastUpgradeCheck = 1400;
				TargetAttributes = {
					23F6B7082932BC1B000C00ED = {
						CreatedOnToolsVersion = 14.0.1;
					};
				};
			};
			buildConfigurationList = 23F6B7042932BC1B000C00ED /* Build configuration list for PBXProject "WordGame" */;
			compatibilityVersion = "Xcode 14.0";
			developmentRegion = en;
			hasScannedForEncodings = 0;
			knownRegions = (
				en,
				Base,
			);
			mainGroup = 23F6B7002932BC1B000C00ED;
			packageReferences = (
				23F6B74029336292000C00ED /* XCRemoteSwiftPackageReference "combine-schedulers" */,
			);
			productRefGroup = 23F6B70A2932BC1B000C00ED /* Products */;
			projectDirPath = "";
			projectRoot = "";
			targets = (
				23F6B7082932BC1B000C00ED /* WordGame */,
			);
		};
/* End PBXProject section */

/* Begin PBXResourcesBuildPhase section */
		23F6B7072932BC1B000C00ED /* Resources */ = {
			isa = PBXResourcesBuildPhase;
			buildActionMask = 2147483647;
			files = (
				23F6B71C2932C1DB000C00ED /* words.json in Resources */,
				23F6B7142932BC1D000C00ED /* Preview Assets.xcassets in Resources */,
				23F6B7112932BC1D000C00ED /* Assets.xcassets in Resources */,
			);
			runOnlyForDeploymentPostprocessing = 0;
		};
/* End PBXResourcesBuildPhase section */

/* Begin PBXSourcesBuildPhase section */
		23F6B7052932BC1B000C00ED /* Sources */ = {
			isa = PBXSourcesBuildPhase;
			buildActionMask = 2147483647;
			files = (
				23F6B73B293360FC000C00ED /* ViewModelAdapter.swift in Sources */,
				23F6B734293352A6000C00ED /* Score.swift in Sources */,
				23F6B736293352C1000C00ED /* Rules.swift in Sources */,
				23F6B747293362EA000C00ED /* Combine+Extensions.swift in Sources */,
				23F6B73D29336111000C00ED /* ViewModel.swift in Sources */,
				23F6B72E2932C35B000C00ED /* WordsProvider.swift in Sources */,
				23F6B744293362BE000C00ED /* ObservableViewModel.swift in Sources */,
				23F6B72C2932C326000C00ED /* LocalDataProvider.swift in Sources */,
				23F6B70D2932BC1B000C00ED /* WordGameApp.swift in Sources */,
				23F6B7262932C261000C00ED /* GameView.swift in Sources */,
				23F6B74929336B3C000C00ED /* TimerPublisher+Extension.swift in Sources */,
				23F6B7282932C26E000C00ED /* GameViewModel.swift in Sources */,
				23F6B7382933530D000C00ED /* GameEngine.swift in Sources */,
				23F6B74B29337730000C00ED /* CircularProgressView.swift in Sources */,
				23F6B7242932C246000C00ED /* Word.swift in Sources */,
			);
			runOnlyForDeploymentPostprocessing = 0;
		};
/* End PBXSourcesBuildPhase section */

/* Begin XCBuildConfiguration section */
		23F6B7152932BC1D000C00ED /* Debug */ = {
			isa = XCBuildConfiguration;
			buildSettings = {
				ALWAYS_SEARCH_USER_PATHS = NO;
				CLANG_ANALYZER_NONNULL = YES;
				CLANG_ANALYZER_NUMBER_OBJECT_CONVERSION = YES_AGGRESSIVE;
				CLANG_CXX_LANGUAGE_STANDARD = "gnu++20";
				CLANG_ENABLE_MODULES = YES;
				CLANG_ENABLE_OBJC_ARC = YES;
				CLANG_ENABLE_OBJC_WEAK = YES;
				CLANG_WARN_BLOCK_CAPTURE_AUTORELEASING = YES;
				CLANG_WARN_BOOL_CONVERSION = YES;
				CLANG_WARN_COMMA = YES;
				CLANG_WARN_CONSTANT_CONVERSION = YES;
				CLANG_WARN_DEPRECATED_OBJC_IMPLEMENTATIONS = YES;
				CLANG_WARN_DIRECT_OBJC_ISA_USAGE = YES_ERROR;
				CLANG_WARN_DOCUMENTATION_COMMENTS = YES;
				CLANG_WARN_EMPTY_BODY = YES;
				CLANG_WARN_ENUM_CONVERSION = YES;
				CLANG_WARN_INFINITE_RECURSION = YES;
				CLANG_WARN_INT_CONVERSION = YES;
				CLANG_WARN_NON_LITERAL_NULL_CONVERSION = YES;
				CLANG_WARN_OBJC_IMPLICIT_RETAIN_SELF = YES;
				CLANG_WARN_OBJC_LITERAL_CONVERSION = YES;
				CLANG_WARN_OBJC_ROOT_CLASS = YES_ERROR;
				CLANG_WARN_QUOTED_INCLUDE_IN_FRAMEWORK_HEADER = YES;
				CLANG_WARN_RANGE_LOOP_ANALYSIS = YES;
				CLANG_WARN_STRICT_PROTOTYPES = YES;
				CLANG_WARN_SUSPICIOUS_MOVE = YES;
				CLANG_WARN_UNGUARDED_AVAILABILITY = YES_AGGRESSIVE;
				CLANG_WARN_UNREACHABLE_CODE = YES;
				CLANG_WARN__DUPLICATE_METHOD_MATCH = YES;
				COPY_PHASE_STRIP = NO;
				DEBUG_INFORMATION_FORMAT = dwarf;
				ENABLE_STRICT_OBJC_MSGSEND = YES;
				ENABLE_TESTABILITY = YES;
				GCC_C_LANGUAGE_STANDARD = gnu11;
				GCC_DYNAMIC_NO_PIC = NO;
				GCC_NO_COMMON_BLOCKS = YES;
				GCC_OPTIMIZATION_LEVEL = 0;
				GCC_PREPROCESSOR_DEFINITIONS = (
					"DEBUG=1",
					"$(inherited)",
				);
				GCC_WARN_64_TO_32_BIT_CONVERSION = YES;
				GCC_WARN_ABOUT_RETURN_TYPE = YES_ERROR;
				GCC_WARN_UNDECLARED_SELECTOR = YES;
				GCC_WARN_UNINITIALIZED_AUTOS = YES_AGGRESSIVE;
				GCC_WARN_UNUSED_FUNCTION = YES;
				GCC_WARN_UNUSED_VARIABLE = YES;
				IPHONEOS_DEPLOYMENT_TARGET = 14.0;
				MTL_ENABLE_DEBUG_INFO = INCLUDE_SOURCE;
				MTL_FAST_MATH = YES;
				ONLY_ACTIVE_ARCH = YES;
				SDKROOT = iphoneos;
				SWIFT_ACTIVE_COMPILATION_CONDITIONS = DEBUG;
				SWIFT_OPTIMIZATION_LEVEL = "-Onone";
			};
			name = Debug;
		};
		23F6B7162932BC1D000C00ED /* Release */ = {
			isa = XCBuildConfiguration;
			buildSettings = {
				ALWAYS_SEARCH_USER_PATHS = NO;
				CLANG_ANALYZER_NONNULL = YES;
				CLANG_ANALYZER_NUMBER_OBJECT_CONVERSION = YES_AGGRESSIVE;
				CLANG_CXX_LANGUAGE_STANDARD = "gnu++20";
				CLANG_ENABLE_MODULES = YES;
				CLANG_ENABLE_OBJC_ARC = YES;
				CLANG_ENABLE_OBJC_WEAK = YES;
				CLANG_WARN_BLOCK_CAPTURE_AUTORELEASING = YES;
				CLANG_WARN_BOOL_CONVERSION = YES;
				CLANG_WARN_COMMA = YES;
				CLANG_WARN_CONSTANT_CONVERSION = YES;
				CLANG_WARN_DEPRECATED_OBJC_IMPLEMENTATIONS = YES;
				CLANG_WARN_DIRECT_OBJC_ISA_USAGE = YES_ERROR;
				CLANG_WARN_DOCUMENTATION_COMMENTS = YES;
				CLANG_WARN_EMPTY_BODY = YES;
				CLANG_WARN_ENUM_CONVERSION = YES;
				CLANG_WARN_INFINITE_RECURSION = YES;
				CLANG_WARN_INT_CONVERSION = YES;
				CLANG_WARN_NON_LITERAL_NULL_CONVERSION = YES;
				CLANG_WARN_OBJC_IMPLICIT_RETAIN_SELF = YES;
				CLANG_WARN_OBJC_LITERAL_CONVERSION = YES;
				CLANG_WARN_OBJC_ROOT_CLASS = YES_ERROR;
				CLANG_WARN_QUOTED_INCLUDE_IN_FRAMEWORK_HEADER = YES;
				CLANG_WARN_RANGE_LOOP_ANALYSIS = YES;
				CLANG_WARN_STRICT_PROTOTYPES = YES;
				CLANG_WARN_SUSPICIOUS_MOVE = YES;
				CLANG_WARN_UNGUARDED_AVAILABILITY = YES_AGGRESSIVE;
				CLANG_WARN_UNREACHABLE_CODE = YES;
				CLANG_WARN__DUPLICATE_METHOD_MATCH = YES;
				COPY_PHASE_STRIP = NO;
				DEBUG_INFORMATION_FORMAT = "dwarf-with-dsym";
				ENABLE_NS_ASSERTIONS = NO;
				ENABLE_STRICT_OBJC_MSGSEND = YES;
				GCC_C_LANGUAGE_STANDARD = gnu11;
				GCC_NO_COMMON_BLOCKS = YES;
				GCC_WARN_64_TO_32_BIT_CONVERSION = YES;
				GCC_WARN_ABOUT_RETURN_TYPE = YES_ERROR;
				GCC_WARN_UNDECLARED_SELECTOR = YES;
				GCC_WARN_UNINITIALIZED_AUTOS = YES_AGGRESSIVE;
				GCC_WARN_UNUSED_FUNCTION = YES;
				GCC_WARN_UNUSED_VARIABLE = YES;
				IPHONEOS_DEPLOYMENT_TARGET = 14.0;
				MTL_ENABLE_DEBUG_INFO = NO;
				MTL_FAST_MATH = YES;
				SDKROOT = iphoneos;
				SWIFT_COMPILATION_MODE = wholemodule;
				SWIFT_OPTIMIZATION_LEVEL = "-O";
				VALIDATE_PRODUCT = YES;
			};
			name = Release;
		};
		23F6B7182932BC1D000C00ED /* Debug */ = {
			isa = XCBuildConfiguration;
			buildSettings = {
				ASSETCATALOG_COMPILER_APPICON_NAME = AppIcon;
				ASSETCATALOG_COMPILER_GLOBAL_ACCENT_COLOR_NAME = AccentColor;
				CODE_SIGN_STYLE = Automatic;
				CURRENT_PROJECT_VERSION = 1;
				DEVELOPMENT_ASSET_PATHS = "\"WordGame/Preview Content\"";
				ENABLE_PREVIEWS = YES;
				GENERATE_INFOPLIST_FILE = YES;
				INFOPLIST_KEY_UIApplicationSceneManifest_Generation = YES;
				INFOPLIST_KEY_UIApplicationSupportsIndirectInputEvents = YES;
				INFOPLIST_KEY_UILaunchScreen_Generation = YES;
				INFOPLIST_KEY_UISupportedInterfaceOrientations_iPad = "UIInterfaceOrientationPortrait UIInterfaceOrientationPortraitUpsideDown UIInterfaceOrientationLandscapeLeft UIInterfaceOrientationLandscapeRight";
				INFOPLIST_KEY_UISupportedInterfaceOrientations_iPhone = "UIInterfaceOrientationPortrait UIInterfaceOrientationLandscapeLeft UIInterfaceOrientationLandscapeRight";
				IPHONEOS_DEPLOYMENT_TARGET = 14.0;
				LD_RUNPATH_SEARCH_PATHS = (
					"$(inherited)",
					"@executable_path/Frameworks",
				);
				MARKETING_VERSION = 1.0;
				PRODUCT_BUNDLE_IDENTIFIER = com.WordGame;
				PRODUCT_NAME = "$(TARGET_NAME)";
				SWIFT_EMIT_LOC_STRINGS = YES;
				SWIFT_VERSION = 5.0;
				TARGETED_DEVICE_FAMILY = "1,2";
			};
			name = Debug;
		};
		23F6B7192932BC1D000C00ED /* Release */ = {
			isa = XCBuildConfiguration;
			buildSettings = {
				ASSETCATALOG_COMPILER_APPICON_NAME = AppIcon;
				ASSETCATALOG_COMPILER_GLOBAL_ACCENT_COLOR_NAME = AccentColor;
				CODE_SIGN_STYLE = Automatic;
				CURRENT_PROJECT_VERSION = 1;
				DEVELOPMENT_ASSET_PATHS = "\"WordGame/Preview Content\"";
				ENABLE_PREVIEWS = YES;
				GENERATE_INFOPLIST_FILE = YES;
				INFOPLIST_KEY_UIApplicationSceneManifest_Generation = YES;
				INFOPLIST_KEY_UIApplicationSupportsIndirectInputEvents = YES;
				INFOPLIST_KEY_UILaunchScreen_Generation = YES;
				INFOPLIST_KEY_UISupportedInterfaceOrientations_iPad = "UIInterfaceOrientationPortrait UIInterfaceOrientationPortraitUpsideDown UIInterfaceOrientationLandscapeLeft UIInterfaceOrientationLandscapeRight";
				INFOPLIST_KEY_UISupportedInterfaceOrientations_iPhone = "UIInterfaceOrientationPortrait UIInterfaceOrientationLandscapeLeft UIInterfaceOrientationLandscapeRight";
				IPHONEOS_DEPLOYMENT_TARGET = 14.0;
				LD_RUNPATH_SEARCH_PATHS = (
					"$(inherited)",
					"@executable_path/Frameworks",
				);
				MARKETING_VERSION = 1.0;
				PRODUCT_BUNDLE_IDENTIFIER = com.WordGame;
				PRODUCT_NAME = "$(TARGET_NAME)";
				SWIFT_EMIT_LOC_STRINGS = YES;
				SWIFT_VERSION = 5.0;
				TARGETED_DEVICE_FAMILY = "1,2";
			};
			name = Release;
		};
/* End XCBuildConfiguration section */

/* Begin XCConfigurationList section */
		23F6B7042932BC1B000C00ED /* Build configuration list for PBXProject "WordGame" */ = {
			isa = XCConfigurationList;
			buildConfigurations = (
				23F6B7152932BC1D000C00ED /* Debug */,
				23F6B7162932BC1D000C00ED /* Release */,
			);
			defaultConfigurationIsVisible = 0;
			defaultConfigurationName = Release;
		};
		23F6B7172932BC1D000C00ED /* Build configuration list for PBXNativeTarget "WordGame" */ = {
			isa = XCConfigurationList;
			buildConfigurations = (
				23F6B7182932BC1D000C00ED /* Debug */,
				23F6B7192932BC1D000C00ED /* Release */,
			);
			defaultConfigurationIsVisible = 0;
			defaultConfigurationName = Release;
		};
/* End XCConfigurationList section */

/* Begin XCRemoteSwiftPackageReference section */
		23F6B74029336292000C00ED /* XCRemoteSwiftPackageReference "combine-schedulers" */ = {
			isa = XCRemoteSwiftPackageReference;
			repositoryURL = "https://github.com/pointfreeco/combine-schedulers";
			requirement = {
				kind = exactVersion;
				version = 0.9.1;
			};
		};
/* End XCRemoteSwiftPackageReference section */

/* Begin XCSwiftPackageProductDependency section */
		23F6B74129336292000C00ED /* CombineSchedulers */ = {
			isa = XCSwiftPackageProductDependency;
			package = 23F6B74029336292000C00ED /* XCRemoteSwiftPackageReference "combine-schedulers" */;
			productName = CombineSchedulers;
		};
/* End XCSwiftPackageProductDependency section */
	};
	rootObject = 23F6B7012932BC1B000C00ED /* Project object */;
}
